
Microsoft Visual Studio Solution File, Format Version 12.00
# Visual Studio Version 17
VisualStudioVersion = 17.0.32014.148
MinimumVisualStudioVersion = 10.0.40219.1
Project("{FAE04EC0-301F-11D3-BF4B-00C04F79EFBC}") = "EditForm2", "EditForm2\EditForm2.csproj", "{3CA49765-B23E-4A25-9187-FB9D0308975C}"
EndProject
Global
	GlobalSection(SolutionConfigurationPlatforms) = preSolution
		Debug|Any CPU = Debug|Any CPU
		Release|Any CPU = Release|Any CPU
	EndGlobalSection
	GlobalSection(ProjectConfigurationPlatforms) = postSolution
		{3CA49765-B23E-4A25-9187-FB9D0308975C}.Debug|Any CPU.ActiveCfg = Debug|Any CPU
		{3CA49765-B23E-4A25-9187-FB9D0308975C}.Debug|Any CPU.Build.0 = Debug|Any CPU
		{3CA49765-B23E-4A25-9187-FB9D0308975C}.Release|Any CPU.ActiveCfg = Release|Any CPU
		{3CA49765-B23E-4A25-9187-FB9D0308975C}.Release|Any CPU.Build.0 = Release|Any CPU
	EndGlobalSection
	GlobalSection(SolutionProperties) = preSolution
		HideSolutionNode = FALSE
	EndGlobalSection
	GlobalSection(ExtensibilityGlobals) = postSolution
		SolutionGuid = {3DABC5D9-560A-4EB5-9471-7C8E5E977566}
	EndGlobalSection
EndGlobal
